{
  "name": "crossfit-automation",
  "version": "0.0.1",
  "lockfileVersion": 2,
  "requires": true,
  "packages": {
    "": {
      "name": "crossfit-automation",
      "version": "0.0.1",
      "license": "ISC",
      "dependencies": {
        "dotenv": "^16.0.3",
        "playwright": "^1.27.1"
      }
    },
    "node_modules/dotenv": {
      "version": "16.0.3",
      "resolved": "https://registry.npmjs.org/dotenv/-/dotenv-16.0.3.tgz",
      "integrity": "sha512-7GO6HghkA5fYG9TYnNxi14/7K9f5occMlp3zXAuSxn7CKCxt9xbNWG7yF8hTCSUchlfWSe3uLmlPfigevRItzQ==",
      "engines": {
        "node": ">=12"
      }
    },
    "node_modules/playwright": {
      "version": "1.27.1",
      "resolved": "https://registry.npmjs.org/playwright/-/playwright-1.27.1.tgz",
      "integrity": "sha512-xXYZ7m36yTtC+oFgqH0eTgullGztKSRMb4yuwLPl8IYSmgBM88QiB+3IWb1mRIC9/NNwcgbG0RwtFlg+EAFQHQ==",
      "hasInstallScript": true,
      "dependencies": {
        "playwright-core": "1.27.1"
      },
      "bin": {
        "playwright": "cli.js"
      },
      "engines": {
        "node": ">=14"
      }
    },
    "node_modules/playwright-core": {
      "version": "1.27.1",
      "resolved": "https://registry.npmjs.org/playwright-core/-/playwright-core-1.27.1.tgz",
      "integrity": "sha512-9EmeXDncC2Pmp/z+teoVYlvmPWUC6ejSSYZUln7YaP89Z6lpAaiaAnqroUt/BoLo8tn7WYShcfaCh+xofZa44Q==",
      "bin": {
        "playwright": "cli.js"
      },
      "engines": {
        "node": ">=14"
      }
    }
  },
  "dependencies": {
    "dotenv": {
      "version": "16.0.3",
      "resolved": "https://registry.npmjs.org/dotenv/-/dotenv-16.0.3.tgz",
      "integrity": "sha512-7GO6HghkA5fYG9TYnNxi14/7K9f5occMlp3zXAuSxn7CKCxt9xbNWG7yF8hTCSUchlfWSe3uLmlPfigevRItzQ=="
    },
    "playwright": {
      "version": "1.27.1",
      "resolved": "https://registry.npmjs.org/playwright/-/playwright-1.27.1.tgz",
      "integrity": "sha512-xXYZ7m36yTtC+oFgqH0eTgullGztKSRMb4yuwLPl8IYSmgBM88QiB+3IWb1mRIC9/NNwcgbG0RwtFlg+EAFQHQ==",
      "requires": {
        "playwright-core": "1.27.1"
      }
    },
    "playwright-core": {
      "version": "1.27.1",
      "resolved": "https://registry.npmjs.org/playwright-core/-/playwright-core-1.27.1.tgz",
      "integrity": "sha512-9EmeXDncC2Pmp/z+teoVYlvmPWUC6ejSSYZUln7YaP89Z6lpAaiaAnqroUt/BoLo8tn7WYShcfaCh+xofZa44Q=="
    }
  }
}
